// !$*UTF8*$!
{
	archiveVersion = 1;
	classes = {
	};
	objectVersion = 77;
	objects = {

/* Begin PBXContainerItemProxy section */
		52EA481D2DAC19FC00DA02F6 /* PBXContainerItemProxy */ = {
			isa = PBXContainerItemProxy;
			containerPortal = 52EA48072DAC19FB00DA02F6 /* Project object */;
			proxyType = 1;
			remoteGlobalIDString = 52EA480E2DAC19FB00DA02F6;
			remoteInfo = coffeeRatio;
		};
		52EA48272DAC19FC00DA02F6 /* PBXContainerItemProxy */ = {
			isa = PBXContainerItemProxy;
			containerPortal = 52EA48072DAC19FB00DA02F6 /* Project object */;
			proxyType = 1;
			remoteGlobalIDString = 52EA480E2DAC19FB00DA02F6;
			remoteInfo = coffeeRatio;
		};
/* End PBXContainerItemProxy section */

/* Begin PBXFileReference section */
		52EA480F2DAC19FB00DA02F6 /* coffeeRatio.app */ = {isa = PBXFileReference; explicitFileType = wrapper.application; includeInIndex = 0; path = coffeeRatio.app; sourceTree = BUILT_PRODUCTS_DIR; };
		52EA481C2DAC19FC00DA02F6 /* coffeeRatioTests.xctest */ = {isa = PBXFileReference; explicitFileType = wrapper.cfbundle; includeInIndex = 0; path = coffeeRatioTests.xctest; sourceTree = BUILT_PRODUCTS_DIR; };
		52EA48262DAC19FC00DA02F6 /* coffeeRatioUITests.xctest */ = {isa = PBXFileReference; explicitFileType = wrapper.cfbundle; includeInIndex = 0; path = coffeeRatioUITests.xctest; sourceTree = BUILT_PRODUCTS_DIR; };
/* End PBXFileReference section */

/* Begin PBXFileSystemSynchronizedRootGroup section */
		52EA48112DAC19FB00DA02F6 /* coffeeRatio */ = {
			isa = PBXFileSystemSynchronizedRootGroup;
			path = coffeeRatio;
			sourceTree = "<group>";
		};
		52EA481F2DAC19FC00DA02F6 /* coffeeRatioTests */ = {
			isa = PBXFileSystemSynchronizedRootGroup;
			path = coffeeRatioTests;
			sourceTree = "<group>";
		};
		52EA48292DAC19FC00DA02F6 /* coffeeRatioUITests */ = {
			isa = PBXFileSystemSynchronizedRootGroup;
			path = coffeeRatioUITests;
			sourceTree = "<group>";
		};
/* End PBXFileSystemSynchronizedRootGroup section */

/* Begin PBXFrameworksBuildPhase section */
		52EA480C2DAC19FB00DA02F6 /* Frameworks */ = {
			isa = PBXFrameworksBuildPhase;
			buildActionMask = 2147483647;
			files = (
			);
			runOnlyForDeploymentPostprocessing = 0;
		};
		52EA48192DAC19FC00DA02F6 /* Frameworks */ = {
			isa = PBXFrameworksBuildPhase;
			buildActionMask = 2147483647;
			files = (
			);
			runOnlyForDeploymentPostprocessing = 0;
		};
		52EA48232DAC19FC00DA02F6 /* Frameworks */ = {
			isa = PBXFrameworksBuildPhase;
			buildActionMask = 2147483647;
			files = (
			);
			runOnlyForDeploymentPostprocessing = 0;
		};
/* End PBXFrameworksBuildPhase section */

/* Begin PBXGroup section */
		52EA48062DAC19FB00DA02F6 = {
			isa = PBXGroup;
			children = (
				52EA48112DAC19FB00DA02F6 /* coffeeRatio */,
				52EA481F2DAC19FC00DA02F6 /* coffeeRatioTests */,
				52EA48292DAC19FC00DA02F6 /* coffeeRatioUITests */,
				52EA48102DAC19FB00DA02F6 /* Products */,
			);
			sourceTree = "<group>";
		};
		52EA48102DAC19FB00DA02F6 /* Products */ = {
			isa = PBXGroup;
			children = (
				52EA480F2DAC19FB00DA02F6 /* coffeeRatio.app */,
				52EA481C2DAC19FC00DA02F6 /* coffeeRatioTests.xctest */,
				52EA48262DAC19FC00DA02F6 /* coffeeRatioUITests.xctest */,
			);
			name = Products;
			sourceTree = "<group>";
		};
/* End PBXGroup section */

/* Begin PBXNativeTarget section */
		52EA480E2DAC19FB00DA02F6 /* coffeeRatio */ = {
			isa = PBXNativeTarget;
			buildConfigurationList = 52EA48302DAC19FC00DA02F6 /* Build configuration list for PBXNativeTarget "coffeeRatio" */;
			buildPhases = (
				52EA480B2DAC19FB00DA02F6 /* Sources */,
				52EA480C2DAC19FB00DA02F6 /* Frameworks */,
				52EA480D2DAC19FB00DA02F6 /* Resources */,
			);
			buildRules = (
			);
			dependencies = (
			);
			fileSystemSynchronizedGroups = (
				52EA48112DAC19FB00DA02F6 /* coffeeRatio */,
			);
			name = coffeeRatio;
			packageProductDependencies = (
			);
			productName = coffeeRatio;
			productReference = 52EA480F2DAC19FB00DA02F6 /* coffeeRatio.app */;
			productType = "com.apple.product-type.application";
		};
		52EA481B2DAC19FC00DA02F6 /* coffeeRatioTests */ = {
			isa = PBXNativeTarget;
			buildConfigurationList = 52EA48332DAC19FC00DA02F6 /* Build configuration list for PBXNativeTarget "coffeeRatioTests" */;
			buildPhases = (
				52EA48182DAC19FC00DA02F6 /* Sources */,
				52EA48192DAC19FC00DA02F6 /* Frameworks */,
				52EA481A2DAC19FC00DA02F6 /* Resources */,
			);
			buildRules = (
			);
			dependencies = (
				52EA481E2DAC19FC00DA02F6 /* PBXTargetDependency */,
			);
			fileSystemSynchronizedGroups = (
				52EA481F2DAC19FC00DA02F6 /* coffeeRatioTests */,
			);
			name = coffeeRatioTests;
			packageProductDependencies = (
			);
			productName = coffeeRatioTests;
			productReference = 52EA481C2DAC19FC00DA02F6 /* coffeeRatioTests.xctest */;
			productType = "com.apple.product-type.bundle.unit-test";
		};
		52EA48252DAC19FC00DA02F6 /* coffeeRatioUITests */ = {
			isa = PBXNativeTarget;
			buildConfigurationList = 52EA48362DAC19FC00DA02F6 /* Build configuration list for PBXNativeTarget "coffeeRatioUITests" */;
			buildPhases = (
				52EA48222DAC19FC00DA02F6 /* Sources */,
				52EA48232DAC19FC00DA02F6 /* Frameworks */,
				52EA48242DAC19FC00DA02F6 /* Resources */,
			);
			buildRules = (
			);
			dependencies = (
				52EA48282DAC19FC00DA02F6 /* PBXTargetDependency */,
			);
			fileSystemSynchronizedGroups = (
				52EA48292DAC19FC00DA02F6 /* coffeeRatioUITests */,
			);
			name = coffeeRatioUITests;
			packageProductDependencies = (
			);
			productName = coffeeRatioUITests;
			productReference = 52EA48262DAC19FC00DA02F6 /* coffeeRatioUITests.xctest */;
			productType = "com.apple.product-type.bundle.ui-testing";
		};
/* End PBXNativeTarget section */

/* Begin PBXProject section */
		52EA48072DAC19FB00DA02F6 /* Project object */ = {
			isa = PBXProject;
			attributes = {
				BuildIndependentTargetsInParallel = 1;
				LastSwiftUpdateCheck = 1630;
				LastUpgradeCheck = 1630;
				TargetAttributes = {
					52EA480E2DAC19FB00DA02F6 = {
						CreatedOnToolsVersion = 16.3;
					};
					52EA481B2DAC19FC00DA02F6 = {
						CreatedOnToolsVersion = 16.3;
						TestTargetID = 52EA480E2DAC19FB00DA02F6;
					};
					52EA48252DAC19FC00DA02F6 = {
						CreatedOnToolsVersion = 16.3;
						TestTargetID = 52EA480E2DAC19FB00DA02F6;
					};
				};
			};
			buildConfigurationList = 52EA480A2DAC19FB00DA02F6 /* Build configuration list for PBXProject "coffeeRatio" */;
			developmentRegion = tr;
			hasScannedForEncodings = 0;
			knownRegions = (
				en,
				Base,
				tr,
			);
			mainGroup = 52EA48062DAC19FB00DA02F6;
			minimizedProjectReferenceProxies = 1;
			preferredProjectObjectVersion = 77;
			productRefGroup = 52EA48102DAC19FB00DA02F6 /* Products */;
			projectDirPath = "";
			projectRoot = "";
			targets = (
				52EA480E2DAC19FB00DA02F6 /* coffeeRatio */,
				52EA481B2DAC19FC00DA02F6 /* coffeeRatioTests */,
				52EA48252DAC19FC00DA02F6 /* coffeeRatioUITests */,
			);
		};
/* End PBXProject section */

/* Begin PBXResourcesBuildPhase section */
		52EA480D2DAC19FB00DA02F6 /* Resources */ = {
			isa = PBXResourcesBuildPhase;
			buildActionMask = 2147483647;
			files = (
			);
			runOnlyForDeploymentPostprocessing = 0;
		};
		52EA481A2DAC19FC00DA02F6 /* Resources */ = {
			isa = PBXResourcesBuildPhase;
			buildActionMask = 2147483647;
			files = (
			);
			runOnlyForDeploymentPostprocessing = 0;
		};
		52EA48242DAC19FC00DA02F6 /* Resources */ = {
			isa = PBXResourcesBuildPhase;
			buildActionMask = 2147483647;
			files = (
			);
			runOnlyForDeploymentPostprocessing = 0;
		};
/* End PBXResourcesBuildPhase section */

/* Begin PBXSourcesBuildPhase section */
		52EA480B2DAC19FB00DA02F6 /* Sources */ = {
			isa = PBXSourcesBuildPhase;
			buildActionMask = 2147483647;
			files = (
			);
			runOnlyForDeploymentPostprocessing = 0;
		};
		52EA48182DAC19FC00DA02F6 /* Sources */ = {
			isa = PBXSourcesBuildPhase;
			buildActionMask = 2147483647;
			files = (
			);
			runOnlyForDeploymentPostprocessing = 0;
		};
		52EA48222DAC19FC00DA02F6 /* Sources */ = {
			isa = PBXSourcesBuildPhase;
			buildActionMask = 2147483647;
			files = (
			);
			runOnlyForDeploymentPostprocessing = 0;
		};
/* End PBXSourcesBuildPhase section */

/* Begin PBXTargetDependency section */
		52EA481E2DAC19FC00DA02F6 /* PBXTargetDependency */ = {
			isa = PBXTargetDependency;
			target = 52EA480E2DAC19FB00DA02F6 /* coffeeRatio */;
			targetProxy = 52EA481D2DAC19FC00DA02F6 /* PBXContainerItemProxy */;
		};
		52EA48282DAC19FC00DA02F6 /* PBXTargetDependency */ = {
			isa = PBXTargetDependency;
			target = 52EA480E2DAC19FB00DA02F6 /* coffeeRatio */;
			targetProxy = 52EA48272DAC19FC00DA02F6 /* PBXContainerItemProxy */;
		};
/* End PBXTargetDependency section */

/* Begin XCBuildConfiguration section */
		52EA482E2DAC19FC00DA02F6 /* Debug */ = {
			isa = XCBuildConfiguration;
			buildSettings = {
				ALWAYS_SEARCH_USER_PATHS = NO;
				ASSETCATALOG_COMPILER_GENERATE_SWIFT_ASSET_SYMBOL_EXTENSIONS = YES;
				CLANG_ANALYZER_NONNULL = YES;
				CLANG_ANALYZER_NUMBER_OBJECT_CONVERSION = YES_AGGRESSIVE;
				CLANG_CXX_LANGUAGE_STANDARD = "gnu++20";
				CLANG_ENABLE_MODULES = YES;
				CLANG_ENABLE_OBJC_ARC = YES;
				CLANG_ENABLE_OBJC_WEAK = YES;
				CLANG_WARN_BLOCK_CAPTURE_AUTORELEASING = YES;
				CLANG_WARN_BOOL_CONVERSION = YES;
				CLANG_WARN_COMMA = YES;
				CLANG_WARN_CONSTANT_CONVERSION = YES;
				CLANG_WARN_DEPRECATED_OBJC_IMPLEMENTATIONS = YES;
				CLANG_WARN_DIRECT_OBJC_ISA_USAGE = YES_ERROR;
				CLANG_WARN_DOCUMENTATION_COMMENTS = YES;
				CLANG_WARN_EMPTY_BODY = YES;
				CLANG_WARN_ENUM_CONVERSION = YES;
				CLANG_WARN_INFINITE_RECURSION = YES;
				CLANG_WARN_INT_CONVERSION = YES;
				CLANG_WARN_NON_LITERAL_NULL_CONVERSION = YES;
				CLANG_WARN_OBJC_IMPLICIT_RETAIN_SELF = YES;
				CLANG_WARN_OBJC_LITERAL_CONVERSION = YES;
				CLANG_WARN_OBJC_ROOT_CLASS = YES_ERROR;
				CLANG_WARN_QUOTED_INCLUDE_IN_FRAMEWORK_HEADER = YES;
				CLANG_WARN_RANGE_LOOP_ANALYSIS = YES;
				CLANG_WARN_STRICT_PROTOTYPES = YES;
				CLANG_WARN_SUSPICIOUS_MOVE = YES;
				CLANG_WARN_UNGUARDED_AVAILABILITY = YES_AGGRESSIVE;
				CLANG_WARN_UNREACHABLE_CODE = YES;
				CLANG_WARN__DUPLICATE_METHOD_MATCH = YES;
				COPY_PHASE_STRIP = NO;
				DEBUG_INFORMATION_FORMAT = dwarf;
				DEVELOPMENT_TEAM = CZQ78EE4MJ;
				ENABLE_STRICT_OBJC_MSGSEND = YES;
				ENABLE_TESTABILITY = YES;
				ENABLE_USER_SCRIPT_SANDBOXING = YES;
				GCC_C_LANGUAGE_STANDARD = gnu17;
				GCC_DYNAMIC_NO_PIC = NO;
				GCC_NO_COMMON_BLOCKS = YES;
				GCC_OPTIMIZATION_LEVEL = 0;
				GCC_PREPROCESSOR_DEFINITIONS = (
					"DEBUG=1",
					"$(inherited)",
				);
				GCC_WARN_64_TO_32_BIT_CONVERSION = YES;
				GCC_WARN_ABOUT_RETURN_TYPE = YES_ERROR;
				GCC_WARN_UNDECLARED_SELECTOR = YES;
				GCC_WARN_UNINITIALIZED_AUTOS = YES_AGGRESSIVE;
				GCC_WARN_UNUSED_FUNCTION = YES;
				GCC_WARN_UNUSED_VARIABLE = YES;
				IPHONEOS_DEPLOYMENT_TARGET = 18.4;
				LOCALIZATION_PREFERS_STRING_CATALOGS = YES;
				MTL_ENABLE_DEBUG_INFO = INCLUDE_SOURCE;
				MTL_FAST_MATH = YES;
				ONLY_ACTIVE_ARCH = YES;
				SDKROOT = iphoneos;
				SWIFT_ACTIVE_COMPILATION_CONDITIONS = "DEBUG $(inherited)";
				SWIFT_EMIT_LOC_STRINGS = YES;
				SWIFT_OPTIMIZATION_LEVEL = "-Onone";
			};
			name = Debug;
		};
		52EA482F2DAC19FC00DA02F6 /* Release */ = {
			isa = XCBuildConfiguration;
			buildSettings = {
				ALWAYS_SEARCH_USER_PATHS = NO;
				ASSETCATALOG_COMPILER_GENERATE_SWIFT_ASSET_SYMBOL_EXTENSIONS = YES;
				CLANG_ANALYZER_NONNULL = YES;
				CLANG_ANALYZER_NUMBER_OBJECT_CONVERSION = YES_AGGRESSIVE;
				CLANG_CXX_LANGUAGE_STANDARD = "gnu++20";
				CLANG_ENABLE_MODULES = YES;
				CLANG_ENABLE_OBJC_ARC = YES;
				CLANG_ENABLE_OBJC_WEAK = YES;
				CLANG_WARN_BLOCK_CAPTURE_AUTORELEASING = YES;
				CLANG_WARN_BOOL_CONVERSION = YES;
				CLANG_WARN_COMMA = YES;
				CLANG_WARN_CONSTANT_CONVERSION = YES;
				CLANG_WARN_DEPRECATED_OBJC_IMPLEMENTATIONS = YES;
				CLANG_WARN_DIRECT_OBJC_ISA_USAGE = YES_ERROR;
				CLANG_WARN_DOCUMENTATION_COMMENTS = YES;
				CLANG_WARN_EMPTY_BODY = YES;
				CLANG_WARN_ENUM_CONVERSION = YES;
				CLANG_WARN_INFINITE_RECURSION = YES;
				CLANG_WARN_INT_CONVERSION = YES;
				CLANG_WARN_NON_LITERAL_NULL_CONVERSION = YES;
				CLANG_WARN_OBJC_IMPLICIT_RETAIN_SELF = YES;
				CLANG_WARN_OBJC_LITERAL_CONVERSION = YES;
				CLANG_WARN_OBJC_ROOT_CLASS = YES_ERROR;
				CLANG_WARN_QUOTED_INCLUDE_IN_FRAMEWORK_HEADER = YES;
				CLANG_WARN_RANGE_LOOP_ANALYSIS = YES;
				CLANG_WARN_STRICT_PROTOTYPES = YES;
				CLANG_WARN_SUSPICIOUS_MOVE = YES;
				CLANG_WARN_UNGUARDED_AVAILABILITY = YES_AGGRESSIVE;
				CLANG_WARN_UNREACHABLE_CODE = YES;
				CLANG_WARN__DUPLICATE_METHOD_MATCH = YES;
				COPY_PHASE_STRIP = NO;
				DEBUG_INFORMATION_FORMAT = "dwarf-with-dsym";
				DEVELOPMENT_TEAM = CZQ78EE4MJ;
				ENABLE_NS_ASSERTIONS = NO;
				ENABLE_STRICT_OBJC_MSGSEND = YES;
				ENABLE_USER_SCRIPT_SANDBOXING = YES;
				GCC_C_LANGUAGE_STANDARD = gnu17;
				GCC_NO_COMMON_BLOCKS = YES;
				GCC_WARN_64_TO_32_BIT_CONVERSION = YES;
				GCC_WARN_ABOUT_RETURN_TYPE = YES_ERROR;
				GCC_WARN_UNDECLARED_SELECTOR = YES;
				GCC_WARN_UNINITIALIZED_AUTOS = YES_AGGRESSIVE;
				GCC_WARN_UNUSED_FUNCTION = YES;
				GCC_WARN_UNUSED_VARIABLE = YES;
				IPHONEOS_DEPLOYMENT_TARGET = 18.4;
				LOCALIZATION_PREFERS_STRING_CATALOGS = YES;
				MTL_ENABLE_DEBUG_INFO = NO;
				MTL_FAST_MATH = YES;
				SDKROOT = iphoneos;
				SWIFT_COMPILATION_MODE = wholemodule;
				SWIFT_EMIT_LOC_STRINGS = YES;
				VALIDATE_PRODUCT = YES;
			};
			name = Release;
		};
		52EA48312DAC19FC00DA02F6 /* Debug */ = {
			isa = XCBuildConfiguration;
			buildSettings = {
				ASSETCATALOG_COMPILER_APPICON_NAME = AppIcon;
				ASSETCATALOG_COMPILER_GLOBAL_ACCENT_COLOR_NAME = AccentColor;
				CODE_SIGN_STYLE = Automatic;
				CURRENT_PROJECT_VERSION = 1;
				DEVELOPMENT_TEAM = CZQ78EE4MJ;
				ENABLE_PREVIEWS = YES;
				GENERATE_INFOPLIST_FILE = YES;
				INFOPLIST_KEY_CFBundleDisplayName = coffeeRatio;
				INFOPLIST_KEY_UIApplicationSceneManifest_Generation = YES;
				INFOPLIST_KEY_UIApplicationSupportsIndirectInputEvents = YES;
				INFOPLIST_KEY_UILaunchScreen_Generation = YES;
				INFOPLIST_KEY_UISupportedInterfaceOrientations = UIInterfaceOrientationPortrait;
				INFOPLIST_KEY_UISupportedInterfaceOrientations_iPad = "UIInterfaceOrientationPortrait UIInterfaceOrientationPortraitUpsideDown";
				IPHONEOS_DEPLOYMENT_TARGET = 15.6;
				LD_RUNPATH_SEARCH_PATHS = (
					"$(inherited)",
					"@executable_path/Frameworks",
				);
				MARKETING_VERSION = 1.0;
				PRODUCT_BUNDLE_IDENTIFIER = com.erkmen.coffeeRatio;
				PRODUCT_NAME = "$(TARGET_NAME)";
				SUPPORTED_PLATFORMS = "iphoneos iphonesimulator";
				SUPPORTS_MACCATALYST = NO;
				SUPPORTS_MAC_DESIGNED_FOR_IPHONE_IPAD = NO;
				SUPPORTS_XR_DESIGNED_FOR_IPHONE_IPAD = NO;
				SWIFT_EMIT_LOC_STRINGS = YES;
				SWIFT_VERSION = 5.0;
				TARGETED_DEVICE_FAMILY = "1,2";
			};
			name = Debug;
		};
		52EA48322DAC19FC00DA02F6 /* Release */ = {
			isa = XCBuildConfiguration;
			buildSettings = {
				ASSETCATALOG_COMPILER_APPICON_NAME = AppIcon;
				ASSETCATALOG_COMPILER_GLOBAL_ACCENT_COLOR_NAME = AccentColor;
				CODE_SIGN_STYLE = Automatic;
				CURRENT_PROJECT_VERSION = 1;
				DEVELOPMENT_TEAM = CZQ78EE4MJ;
				ENABLE_PREVIEWS = YES;
				GENERATE_INFOPLIST_FILE = YES;
				INFOPLIST_KEY_CFBundleDisplayName = coffeeRatio;
				INFOPLIST_KEY_UIApplicationSceneManifest_Generation = YES;
				INFOPLIST_KEY_UIApplicationSupportsIndirectInputEvents = YES;
				INFOPLIST_KEY_UILaunchScreen_Generation = YES;
				INFOPLIST_KEY_UISupportedInterfaceOrientations = UIInterfaceOrientationPortrait;
				INFOPLIST_KEY_UISupportedInterfaceOrientations_iPad = "UIInterfaceOrientationPortrait UIInterfaceOrientationPortraitUpsideDown";
				IPHONEOS_DEPLOYMENT_TARGET = 15.6;
				LD_RUNPATH_SEARCH_PATHS = (
					"$(inherited)",
					"@executable_path/Frameworks",
				);
				MARKETING_VERSION = 1.0;
				PRODUCT_BUNDLE_IDENTIFIER = com.erkmen.coffeeRatio;
				PRODUCT_NAME = "$(TARGET_NAME)";
				SUPPORTED_PLATFORMS = "iphoneos iphonesimulator";
				SUPPORTS_MACCATALYST = NO;
				SUPPORTS_MAC_DESIGNED_FOR_IPHONE_IPAD = NO;
				SUPPORTS_XR_DESIGNED_FOR_IPHONE_IPAD = NO;
				SWIFT_EMIT_LOC_STRINGS = YES;
				SWIFT_VERSION = 5.0;
				TARGETED_DEVICE_FAMILY = "1,2";
			};
			name = Release;
		};
		52EA48342DAC19FC00DA02F6 /* Debug */ = {
			isa = XCBuildConfiguration;
			buildSettings = {
				BUNDLE_LOADER = "$(TEST_HOST)";
				CODE_SIGN_STYLE = Automatic;
				CURRENT_PROJECT_VERSION = 1;
				DEVELOPMENT_TEAM = CZQ78EE4MJ;
				GENERATE_INFOPLIST_FILE = YES;
				IPHONEOS_DEPLOYMENT_TARGET = 18.4;
				MARKETING_VERSION = 1.0;
				PRODUCT_BUNDLE_IDENTIFIER = com.erkmen.coffeeRatioTests;
				PRODUCT_NAME = "$(TARGET_NAME)";
				SWIFT_EMIT_LOC_STRINGS = NO;
				SWIFT_VERSION = 5.0;
				TARGETED_DEVICE_FAMILY = "1,2";
				TEST_HOST = "$(BUILT_PRODUCTS_DIR)/coffeeRatio.app/$(BUNDLE_EXECUTABLE_FOLDER_PATH)/coffeeRatio";
			};
			name = Debug;
		};
		52EA48352DAC19FC00DA02F6 /* Release */ = {
			isa = XCBuildConfiguration;
			buildSettings = {
				BUNDLE_LOADER = "$(TEST_HOST)";
				CODE_SIGN_STYLE = Automatic;
				CURRENT_PROJECT_VERSION = 1;
				DEVELOPMENT_TEAM = CZQ78EE4MJ;
				GENERATE_INFOPLIST_FILE = YES;
				IPHONEOS_DEPLOYMENT_TARGET = 18.4;
				MARKETING_VERSION = 1.0;
				PRODUCT_BUNDLE_IDENTIFIER = com.erkmen.coffeeRatioTests;
				PRODUCT_NAME = "$(TARGET_NAME)";
				SWIFT_EMIT_LOC_STRINGS = NO;
				SWIFT_VERSION = 5.0;
				TARGETED_DEVICE_FAMILY = "1,2";
				TEST_HOST = "$(BUILT_PRODUCTS_DIR)/coffeeRatio.app/$(BUNDLE_EXECUTABLE_FOLDER_PATH)/coffeeRatio";
			};
			name = Release;
		};
		52EA48372DAC19FC00DA02F6 /* Debug */ = {
			isa = XCBuildConfiguration;
			buildSettings = {
				CODE_SIGN_STYLE = Automatic;
				CURRENT_PROJECT_VERSION = 1;
				DEVELOPMENT_TEAM = CZQ78EE4MJ;
				GENERATE_INFOPLIST_FILE = YES;
				MARKETING_VERSION = 1.0;
				PRODUCT_BUNDLE_IDENTIFIER = com.erkmen.coffeeRatioUITests;
				PRODUCT_NAME = "$(TARGET_NAME)";
				SWIFT_EMIT_LOC_STRINGS = NO;
				SWIFT_VERSION = 5.0;
				TARGETED_DEVICE_FAMILY = "1,2";
				TEST_TARGET_NAME = coffeeRatio;
			};
			name = Debug;
		};
		52EA48382DAC19FC00DA02F6 /* Release */ = {
			isa = XCBuildConfiguration;
			buildSettings = {
				CODE_SIGN_STYLE = Automatic;
				CURRENT_PROJECT_VERSION = 1;
				DEVELOPMENT_TEAM = CZQ78EE4MJ;
				GENERATE_INFOPLIST_FILE = YES;
				MARKETING_VERSION = 1.0;
				PRODUCT_BUNDLE_IDENTIFIER = com.erkmen.coffeeRatioUITests;
				PRODUCT_NAME = "$(TARGET_NAME)";
				SWIFT_EMIT_LOC_STRINGS = NO;
				SWIFT_VERSION = 5.0;
				TARGETED_DEVICE_FAMILY = "1,2";
				TEST_TARGET_NAME = coffeeRatio;
			};
			name = Release;
		};
/* End XCBuildConfiguration section */

/* Begin XCConfigurationList section */
		52EA480A2DAC19FB00DA02F6 /* Build configuration list for PBXProject "coffeeRatio" */ = {
			isa = XCConfigurationList;
			buildConfigurations = (
				52EA482E2DAC19FC00DA02F6 /* Debug */,
				52EA482F2DAC19FC00DA02F6 /* Release */,
			);
			defaultConfigurationIsVisible = 0;
			defaultConfigurationName = Release;
		};
		52EA48302DAC19FC00DA02F6 /* Build configuration list for PBXNativeTarget "coffeeRatio" */ = {
			isa = XCConfigurationList;
			buildConfigurations = (
				52EA48312DAC19FC00DA02F6 /* Debug */,
				52EA48322DAC19FC00DA02F6 /* Release */,
			);
			defaultConfigurationIsVisible = 0;
			defaultConfigurationName = Release;
		};
		52EA48332DAC19FC00DA02F6 /* Build configuration list for PBXNativeTarget "coffeeRatioTests" */ = {
			isa = XCConfigurationList;
			buildConfigurations = (
				52EA48342DAC19FC00DA02F6 /* Debug */,
				52EA48352DAC19FC00DA02F6 /* Release */,
			);
			defaultConfigurationIsVisible = 0;
			defaultConfigurationName = Release;
		};
		52EA48362DAC19FC00DA02F6 /* Build configuration list for PBXNativeTarget "coffeeRatioUITests" */ = {
			isa = XCConfigurationList;
			buildConfigurations = (
				52EA48372DAC19FC00DA02F6 /* Debug */,
				52EA48382DAC19FC00DA02F6 /* Release */,
			);
			defaultConfigurationIsVisible = 0;
			defaultConfigurationName = Release;
		};
/* End XCConfigurationList section */
	};
	rootObject = 52EA48072DAC19FB00DA02F6 /* Project object */;
}
